
Microsoft Visual Studio Solution File, Format Version 12.00
# Visual Studio Version 16
VisualStudioVersion = 16.0.30128.74
MinimumVisualStudioVersion = 10.0.40219.1
Project("{2150E333-8FDC-42A3-9474-1A3956D46DE8}") = "Frameworks", "Frameworks", "{88DCC203-85B8-464E-8F30-E335101688B0}"
EndProject
Project("{2150E333-8FDC-42A3-9474-1A3956D46DE8}") = "Projects", "Projects", "{C8FF337F-D2C3-4D67-BC44-DE8A3FD43914}"
EndProject
Project("{9A19103F-16F7-4668-BE54-9A1E7A4F7556}") = "AlyCms", "AlyCms\AlyCms.csproj", "{3EF8AEF4-0CA1-4A22-8D7E-CA42F5C3B0DA}"
EndProject
Project("{9A19103F-16F7-4668-BE54-9A1E7A4F7556}") = "AlyCms.Mgr", "AlyCms.Mgr\AlyCms.Mgr.csproj", "{27F9A0B6-40F8-481A-921E-954935BC3C9E}"
EndProject
Project("{9A19103F-16F7-4668-BE54-9A1E7A4F7556}") = "AlyCms.Rest", "AlyCms.Rest\AlyCms.Rest.csproj", "{007B6F02-3A0E-4499-8655-5501F1F81DD2}"
EndProject
Project("{9A19103F-16F7-4668-BE54-9A1E7A4F7556}") = "AlyMq", "AlyMq\AlyMq.csproj", "{06A3153A-C7D5-4A77-B250-3DB42AB15303}"
EndProject
Project("{9A19103F-16F7-4668-BE54-9A1E7A4F7556}") = "AlyCqrs", "AlyCqrs\AlyCqrs.csproj", "{A58B27E1-4A20-4A25-BAFA-CB1746F8D049}"
EndProject
Project("{9A19103F-16F7-4668-BE54-9A1E7A4F7556}") = "AlyCommon", "AlyCommon\AlyCommon.csproj", "{748F1094-291E-4C1B-A2E7-7A37FBFC72B7}"
EndProject
Project("{9A19103F-16F7-4668-BE54-9A1E7A4F7556}") = "AlyMq.Adapter", "AlyMq.Adapter\AlyMq.Adapter.csproj", "{48D059B1-93FE-4D51-AB41-22A0AD146D75}"
EndProject
Project("{9A19103F-16F7-4668-BE54-9A1E7A4F7556}") = "AlyMq.Broker", "AlyMq.Broker\AlyMq.Broker.csproj", "{78C8A21C-CEE4-4450-A66A-6DA29BFFC7E5}"
EndProject
Project("{9A19103F-16F7-4668-BE54-9A1E7A4F7556}") = "AlyMq.Producer", "AlyMq.Producer\AlyMq.Producer.csproj", "{DA0CAEFA-8EAA-411C-A114-82FAF797F930}"
EndProject
Project("{FAE04EC0-301F-11D3-BF4B-00C04F79EFBC}") = "AlyMq.Consumer", "AlyMq.Consumer\AlyMq.Consumer.csproj", "{6A8E93CB-B785-4668-8792-A8813EFE81B0}"
EndProject
Global
	GlobalSection(SolutionConfigurationPlatforms) = preSolution
		Debug|Any CPU = Debug|Any CPU
		Release|Any CPU = Release|Any CPU
	EndGlobalSection
	GlobalSection(ProjectConfigurationPlatforms) = postSolution
		{3EF8AEF4-0CA1-4A22-8D7E-CA42F5C3B0DA}.Debug|Any CPU.ActiveCfg = Debug|Any CPU
		{3EF8AEF4-0CA1-4A22-8D7E-CA42F5C3B0DA}.Debug|Any CPU.Build.0 = Debug|Any CPU
		{3EF8AEF4-0CA1-4A22-8D7E-CA42F5C3B0DA}.Release|Any CPU.ActiveCfg = Release|Any CPU
		{3EF8AEF4-0CA1-4A22-8D7E-CA42F5C3B0DA}.Release|Any CPU.Build.0 = Release|Any CPU
		{27F9A0B6-40F8-481A-921E-954935BC3C9E}.Debug|Any CPU.ActiveCfg = Debug|Any CPU
		{27F9A0B6-40F8-481A-921E-954935BC3C9E}.Debug|Any CPU.Build.0 = Debug|Any CPU
		{27F9A0B6-40F8-481A-921E-954935BC3C9E}.Release|Any CPU.ActiveCfg = Release|Any CPU
		{27F9A0B6-40F8-481A-921E-954935BC3C9E}.Release|Any CPU.Build.0 = Release|Any CPU
		{007B6F02-3A0E-4499-8655-5501F1F81DD2}.Debug|Any CPU.ActiveCfg = Debug|Any CPU
		{007B6F02-3A0E-4499-8655-5501F1F81DD2}.Debug|Any CPU.Build.0 = Debug|Any CPU
		{007B6F02-3A0E-4499-8655-5501F1F81DD2}.Release|Any CPU.ActiveCfg = Release|Any CPU
		{007B6F02-3A0E-4499-8655-5501F1F81DD2}.Release|Any CPU.Build.0 = Release|Any CPU
		{06A3153A-C7D5-4A77-B250-3DB42AB15303}.Debug|Any CPU.ActiveCfg = Debug|Any CPU
		{06A3153A-C7D5-4A77-B250-3DB42AB15303}.Debug|Any CPU.Build.0 = Debug|Any CPU
		{06A3153A-C7D5-4A77-B250-3DB42AB15303}.Release|Any CPU.ActiveCfg = Release|Any CPU
		{06A3153A-C7D5-4A77-B250-3DB42AB15303}.Release|Any CPU.Build.0 = Release|Any CPU
		{A58B27E1-4A20-4A25-BAFA-CB1746F8D049}.Debug|Any CPU.ActiveCfg = Debug|Any CPU
		{A58B27E1-4A20-4A25-BAFA-CB1746F8D049}.Debug|Any CPU.Build.0 = Debug|Any CPU
		{A58B27E1-4A20-4A25-BAFA-CB1746F8D049}.Release|Any CPU.ActiveCfg = Release|Any CPU
		{A58B27E1-4A20-4A25-BAFA-CB1746F8D049}.Release|Any CPU.Build.0 = Release|Any CPU
		{748F1094-291E-4C1B-A2E7-7A37FBFC72B7}.Debug|Any CPU.ActiveCfg = Debug|Any CPU
		{748F1094-291E-4C1B-A2E7-7A37FBFC72B7}.Debug|Any CPU.Build.0 = Debug|Any CPU
		{748F1094-291E-4C1B-A2E7-7A37FBFC72B7}.Release|Any CPU.ActiveCfg = Release|Any CPU
		{748F1094-291E-4C1B-A2E7-7A37FBFC72B7}.Release|Any CPU.Build.0 = Release|Any CPU
		{48D059B1-93FE-4D51-AB41-22A0AD146D75}.Debug|Any CPU.ActiveCfg = Debug|Any CPU
		{48D059B1-93FE-4D51-AB41-22A0AD146D75}.Debug|Any CPU.Build.0 = Debug|Any CPU
		{48D059B1-93FE-4D51-AB41-22A0AD146D75}.Release|Any CPU.ActiveCfg = Release|Any CPU
		{48D059B1-93FE-4D51-AB41-22A0AD146D75}.Release|Any CPU.Build.0 = Release|Any CPU
		{78C8A21C-CEE4-4450-A66A-6DA29BFFC7E5}.Debug|Any CPU.ActiveCfg = Debug|Any CPU
		{78C8A21C-CEE4-4450-A66A-6DA29BFFC7E5}.Debug|Any CPU.Build.0 = Debug|Any CPU
		{78C8A21C-CEE4-4450-A66A-6DA29BFFC7E5}.Release|Any CPU.ActiveCfg = Release|Any CPU
		{78C8A21C-CEE4-4450-A66A-6DA29BFFC7E5}.Release|Any CPU.Build.0 = Release|Any CPU
		{DA0CAEFA-8EAA-411C-A114-82FAF797F930}.Debug|Any CPU.ActiveCfg = Debug|Any CPU
		{DA0CAEFA-8EAA-411C-A114-82FAF797F930}.Debug|Any CPU.Build.0 = Debug|Any CPU
		{DA0CAEFA-8EAA-411C-A114-82FAF797F930}.Release|Any CPU.ActiveCfg = Release|Any CPU
		{DA0CAEFA-8EAA-411C-A114-82FAF797F930}.Release|Any CPU.Build.0 = Release|Any CPU
		{6A8E93CB-B785-4668-8792-A8813EFE81B0}.Debug|Any CPU.ActiveCfg = Debug|Any CPU
		{6A8E93CB-B785-4668-8792-A8813EFE81B0}.Debug|Any CPU.Build.0 = Debug|Any CPU
		{6A8E93CB-B785-4668-8792-A8813EFE81B0}.Release|Any CPU.ActiveCfg = Release|Any CPU
		{6A8E93CB-B785-4668-8792-A8813EFE81B0}.Release|Any CPU.Build.0 = Release|Any CPU
	EndGlobalSection
	GlobalSection(SolutionProperties) = preSolution
		HideSolutionNode = FALSE
	EndGlobalSection
	GlobalSection(NestedProjects) = preSolution
		{3EF8AEF4-0CA1-4A22-8D7E-CA42F5C3B0DA} = {C8FF337F-D2C3-4D67-BC44-DE8A3FD43914}
		{27F9A0B6-40F8-481A-921E-954935BC3C9E} = {C8FF337F-D2C3-4D67-BC44-DE8A3FD43914}
		{007B6F02-3A0E-4499-8655-5501F1F81DD2} = {C8FF337F-D2C3-4D67-BC44-DE8A3FD43914}
		{06A3153A-C7D5-4A77-B250-3DB42AB15303} = {88DCC203-85B8-464E-8F30-E335101688B0}
		{A58B27E1-4A20-4A25-BAFA-CB1746F8D049} = {88DCC203-85B8-464E-8F30-E335101688B0}
		{748F1094-291E-4C1B-A2E7-7A37FBFC72B7} = {88DCC203-85B8-464E-8F30-E335101688B0}
		{48D059B1-93FE-4D51-AB41-22A0AD146D75} = {C8FF337F-D2C3-4D67-BC44-DE8A3FD43914}
		{78C8A21C-CEE4-4450-A66A-6DA29BFFC7E5} = {C8FF337F-D2C3-4D67-BC44-DE8A3FD43914}
		{DA0CAEFA-8EAA-411C-A114-82FAF797F930} = {C8FF337F-D2C3-4D67-BC44-DE8A3FD43914}
		{6A8E93CB-B785-4668-8792-A8813EFE81B0} = {C8FF337F-D2C3-4D67-BC44-DE8A3FD43914}
	EndGlobalSection
	GlobalSection(ExtensibilityGlobals) = postSolution
		SolutionGuid = {F83394A9-F8DB-4415-B6E8-1DB7A6FE8E4F}
	EndGlobalSection
EndGlobal
